Microsoft Visual Studio Solution File, Format Version 12.00
# Visual Studio Version 17
VisualStudioVersion = 17.5.2.0
MinimumVisualStudioVersion = 10.0.40219.1
Project("{FAE04EC0-301F-11D3-BF4B-00C04F79EFBC}") = "PortalCliente", "PortalCliente.csproj", "{68551D88-9AD9-6E57-664C-02F19613E9A8}"
EndProject
Global
	GlobalSection(SolutionConfigurationPlatforms) = preSolution
		Debug|Any CPU = Debug|Any CPU
		Release|Any CPU = Release|Any CPU
	EndGlobalSection
	GlobalSection(ProjectConfigurationPlatforms) = postSolution
		{68551D88-9AD9-6E57-664C-02F19613E9A8}.Debug|Any CPU.ActiveCfg = Debug|Any CPU
		{68551D88-9AD9-6E57-664C-02F19613E9A8}.Debug|Any CPU.Build.0 = Debug|Any CPU
		{68551D88-9AD9-6E57-664C-02F19613E9A8}.Release|Any CPU.ActiveCfg = Release|Any CPU
		{68551D88-9AD9-6E57-664C-02F19613E9A8}.Release|Any CPU.Build.0 = Release|Any CPU
	EndGlobalSection
	GlobalSection(SolutionProperties) = preSolution
		HideSolutionNode = FALSE
	EndGlobalSection
	GlobalSection(ExtensibilityGlobals) = postSolution
		SolutionGuid = {61830D07-4A75-487F-A03A-2F2C08CA1823}
	EndGlobalSection
EndGlobal
